
Microsoft Visual Studio Solution File, Format Version 12.00
# Visual Studio Version 16
VisualStudioVersion = 16.0.32510.428
MinimumVisualStudioVersion = 10.0.40219.1
Project("{FAE04EC0-301F-11D3-BF4B-00C04F79EFBC}") = "RegistrationAndLogin7", "RegistrationAndLogin7\RegistrationAndLogin7.csproj", "{744C530E-F7BF-42BA-9E37-7633249F7DB1}"
EndProject
Global
	GlobalSection(SolutionConfigurationPlatforms) = preSolution
		Debug|Any CPU = Debug|Any CPU
		Release|Any CPU = Release|Any CPU
	EndGlobalSection
	GlobalSection(ProjectConfigurationPlatforms) = postSolution
		{744C530E-F7BF-42BA-9E37-7633249F7DB1}.Debug|Any CPU.ActiveCfg = Debug|Any CPU
		{744C530E-F7BF-42BA-9E37-7633249F7DB1}.Debug|Any CPU.Build.0 = Debug|Any CPU
		{744C530E-F7BF-42BA-9E37-7633249F7DB1}.Release|Any CPU.ActiveCfg = Release|Any CPU
		{744C530E-F7BF-42BA-9E37-7633249F7DB1}.Release|Any CPU.Build.0 = Release|Any CPU
	EndGlobalSection
	GlobalSection(SolutionProperties) = preSolution
		HideSolutionNode = FALSE
	EndGlobalSection
	GlobalSection(ExtensibilityGlobals) = postSolution
		SolutionGuid = {83072E92-B036-4638-99B3-26333B1E08EC}
	EndGlobalSection
EndGlobal
